%{"chronos": {:package, "0.3.5"},
  "eredis": {:git, "git://github.com/wooga/eredis.git", "471dd471060daa1d98391cb69ae006f8ba79a042", [ref: "471dd"]},
  "exredis": {:git, "git://github.com/artemeff/exredis.git", "0ba9bb528db65cec8d479d05e4fbf3a81eaaf730", [ref: "0ba9bb528db65cec8d479d05e4fbf3a81eaaf730"]},
  "jazz": {:package, "0.2.0"},
  "timex": {:package, "0.12.4"}}
